
Microsoft Visual Studio Solution File, Format Version 12.00
# Visual Studio Version 17
VisualStudioVersion = 17.10.35013.160
MinimumVisualStudioVersion = 10.0.40219.1
Project("{FAE04EC0-301F-11D3-BF4B-00C04F79EFBC}") = "WM-ControlIngreso-Api", "WM-ControlIngreso-Api\WM-ControlIngreso-Api.csproj", "{20748376-B9F9-41AD-9CF8-4B79B785F563}"
EndProject
Global
	GlobalSection(SolutionConfigurationPlatforms) = preSolution
		Debug|Any CPU = Debug|Any CPU
		Release|Any CPU = Release|Any CPU
	EndGlobalSection
	GlobalSection(ProjectConfigurationPlatforms) = postSolution
		{20748376-B9F9-41AD-9CF8-4B79B785F563}.Debug|Any CPU.ActiveCfg = Debug|Any CPU
		{20748376-B9F9-41AD-9CF8-4B79B785F563}.Debug|Any CPU.Build.0 = Debug|Any CPU
		{20748376-B9F9-41AD-9CF8-4B79B785F563}.Release|Any CPU.ActiveCfg = Release|Any CPU
		{20748376-B9F9-41AD-9CF8-4B79B785F563}.Release|Any CPU.Build.0 = Release|Any CPU
	EndGlobalSection
	GlobalSection(SolutionProperties) = preSolution
		HideSolutionNode = FALSE
	EndGlobalSection
	GlobalSection(ExtensibilityGlobals) = postSolution
		SolutionGuid = {38D5A473-C028-4B8A-8C68-997504667071}
	EndGlobalSection
EndGlobal
